{
  "name": "CSC405",
  "lockfileVersion": 3,
  "requires": true,
  "packages": {
    "": {
      "dependencies": {
        "gl-buffer": "^2.1.2",
        "gl-now": "^1.4.0",
        "gl-shader": "^4.3.1"
      }
    },
    "node_modules/add-line-numbers": {
      "version": "1.0.1",
      "resolved": "https://registry.npmjs.org/add-line-numbers/-/add-line-numbers-1.0.1.tgz",
      "integrity": "sha512-w+2a1malCvWwACQFBpZ5/uwmHGaGYT+aGIxA8ONF5vlhe6X/gD3eR8qVoLWa+5nnWAOq2LuPbrqDYqj1pn0WMg==",
      "dependencies": {
        "pad-left": "^1.0.2"
      }
    },
    "node_modules/atob-lite": {
      "version": "1.0.0",
      "resolved": "https://registry.npmjs.org/atob-lite/-/atob-lite-1.0.0.tgz",
      "integrity": "sha512-ArXcmHR/vwSN37HLVap/Y5SKpz12CuEybxe1sIYl7th/S6SQPrVMNFt6rblJzCOAxn0SHbXpknUtqbAIeo3Aow=="
    },
    "node_modules/binary-search-bounds": {
      "version": "1.0.0",
      "resolved": "https://registry.npmjs.org/binary-search-bounds/-/binary-search-bounds-1.0.0.tgz",
      "integrity": "sha512-12a9q1COxVtA+D3g7gb2S0KN0fZZuAaM54Z4ojxnlRXyAxWwrLAwnT+jbFFp01fC8O96zTmFxthQQlG1+pY30A=="
    },
    "node_modules/bit-twiddle": {
      "version": "1.0.2",
      "resolved": "https://registry.npmjs.org/bit-twiddle/-/bit-twiddle-1.0.2.tgz",
      "integrity": "sha512-B9UhK0DKFZhoTFcfvAzhqsjStvGJp9vYWf3+6SNTtdSQnvIgfkHbgHrg/e4+TH71N2GDu8tpmCVoyfrL1d7ntA=="
    },
    "node_modules/core-util-is": {
      "version": "1.0.3",
      "resolved": "https://registry.npmjs.org/core-util-is/-/core-util-is-1.0.3.tgz",
      "integrity": "sha512-ZQBvi1DcpJ4GDqanjucZ2Hj3wEO5pZDS89BWbkcrvdxksJorwUDDZamX9ldFkp9aw2lmBDLgkObEA4DWNJ9FYQ=="
    },
    "node_modules/cwise-compiler": {
      "version": "1.1.3",
      "resolved": "https://registry.npmjs.org/cwise-compiler/-/cwise-compiler-1.1.3.tgz",
      "integrity": "sha512-WXlK/m+Di8DMMcCjcWr4i+XzcQra9eCdXIJrgh4TUgh0pIS/yJduLxS9JgefsHJ/YVLdgPtXm9r62W92MvanEQ==",
      "dependencies": {
        "uniq": "^1.0.0"
      }
    },
    "node_modules/domready": {
      "version": "1.0.8",
      "resolved": "https://registry.npmjs.org/domready/-/domready-1.0.8.tgz",
      "integrity": "sha512-uIzsOJUNk+AdGE9a6VDeessoMCzF8RrZvJCX/W8QtyfgdR6Uofn/MvRonih3OtCO79b2VDzDOymuiABrQ4z3XA=="
    },
    "node_modules/dup": {
      "version": "1.0.0",
      "resolved": "https://registry.npmjs.org/dup/-/dup-1.0.0.tgz",
      "integrity": "sha512-Bz5jxMMC0wgp23Zm15ip1x8IhYRqJvF3nFC0UInJUDkN1z4uNPk9jTnfCUJXbOGiQ1JbXLQsiV41Fb+HXcj5BA=="
    },
    "node_modules/game-shell": {
      "version": "1.3.2",
      "resolved": "https://registry.npmjs.org/game-shell/-/game-shell-1.3.2.tgz",
      "integrity": "sha512-xYYrwMv++b5IPJqMB4VoTBdmXJha5xMccuCxWq8E+zDDTPsk6ZafxTYSdK3brJOjp4YwRTnMPORYhlprJ6xtOw==",
      "dependencies": {
        "binary-search-bounds": "^1.0.0",
        "domready": "^1.0.5",
        "invert-hash": "~0.0.0",
        "iota-array": "^1.0.0",
        "uniq": "^1.0.0",
        "vkey": "~0.0.2"
      }
    },
    "node_modules/gl-buffer": {
      "version": "2.1.2",
      "resolved": "https://registry.npmjs.org/gl-buffer/-/gl-buffer-2.1.2.tgz",
      "integrity": "sha512-uVvLxxhEbQGl43xtDeKu75ApnrGyNHoPmOcvvuJNyP04HkK0/sX5Dll6OFffQiwSV4j0nlAZsgznvO3CPT3dFg==",
      "dependencies": {
        "ndarray": "^1.0.15",
        "ndarray-ops": "^1.1.0",
        "typedarray-pool": "^1.0.0"
      }
    },
    "node_modules/gl-constants": {
      "version": "1.0.0",
      "resolved": "https://registry.npmjs.org/gl-constants/-/gl-constants-1.0.0.tgz",
      "integrity": "sha512-3DNyoAUdb1c+o7jNk5Nm7eh6RSQFi9ZmMQIQb2xxsO27rUopE+IUhoh4xlUvZYBn1YPgUC8BlCnrVjXq/d2dQA=="
    },
    "node_modules/gl-format-compiler-error": {
      "version": "1.0.3",
      "resolved": "https://registry.npmjs.org/gl-format-compiler-error/-/gl-format-compiler-error-1.0.3.tgz",
      "integrity": "sha512-FtQaBYlsM/rnz7YhLkxG9dLcNDB+ExErIsFV2DXl0nk+YgIZ2i0jMob4BrhT9dNa179zFb0gZMWpNAokytK+Ug==",
      "dependencies": {
        "add-line-numbers": "^1.0.1",
        "gl-constants": "^1.0.0",
        "glsl-shader-name": "^1.0.0",
        "sprintf-js": "^1.0.3"
      }
    },
    "node_modules/gl-now": {
      "version": "1.4.0",
      "resolved": "https://registry.npmjs.org/gl-now/-/gl-now-1.4.0.tgz",
      "integrity": "sha512-XOniTLVT2QJGNh7t6c/DEO3bUrENmuS7mK1gQ2izLRljF9kF9/m2FC4mFtTXojWNMPt7XCjhQCCYB9biSTT6jA==",
      "dependencies": {
        "game-shell": "^1.0.0",
        "webglew": "^1.0.0"
      }
    },
    "node_modules/gl-shader": {
      "version": "4.3.1",
      "resolved": "https://registry.npmjs.org/gl-shader/-/gl-shader-4.3.1.tgz",
      "integrity": "sha512-xLoN6XtRLlg97SEqtuzfKc+pVWpVkQ3YjDI1kuCale8tF7+zMhiKlMfmG4IMQPMdKJZQbIc/Ny8ZusEpfh5U+w==",
      "dependencies": {
        "gl-format-compiler-error": "^1.0.2",
        "weakmap-shim": "^1.1.0"
      }
    },
    "node_modules/glsl-shader-name": {
      "version": "1.0.0",
      "resolved": "https://registry.npmjs.org/glsl-shader-name/-/glsl-shader-name-1.0.0.tgz",
      "integrity": "sha512-OtHon0dPCbJD+IrVA1vw9QDlp2cS/f9z8X/0y+W7Qy1oZ3U1iFAQUEco2v30V0SAlVLDG5rEfhjEfc3DKdGbFQ==",
      "dependencies": {
        "atob-lite": "^1.0.0",
        "glsl-tokenizer": "^2.0.2"
      }
    },
    "node_modules/glsl-tokenizer": {
      "version": "2.1.5",
      "resolved": "https://registry.npmjs.org/glsl-tokenizer/-/glsl-tokenizer-2.1.5.tgz",
      "integrity": "sha512-XSZEJ/i4dmz3Pmbnpsy3cKh7cotvFlBiZnDOwnj/05EwNp2XrhQ4XKJxT7/pDt4kp4YcpRSKz8eTV7S+mwV6MA==",
      "dependencies": {
        "through2": "^0.6.3"
      }
    },
    "node_modules/inherits": {
      "version": "2.0.4",
      "resolved": "https://registry.npmjs.org/inherits/-/inherits-2.0.4.tgz",
      "integrity": "sha512-k/vGaX4/Yla3WzyMCvTQOXYeIHvqOKtnqBduzTHpzpQZzAskKMhZ2K+EnBiSM9zGSoIFeMpXKxa4dYeZIQqewQ=="
    },
    "node_modules/invert-hash": {
      "version": "0.0.0",
      "resolved": "https://registry.npmjs.org/invert-hash/-/invert-hash-0.0.0.tgz",
      "integrity": "sha512-JDi3yV+zQKHJHaS2v/sfJtwZdM0Rs8nUtDv8Z+bltSG5fVOQeBaMnT0a1ZC7Gs1RcwBRfhNFlCWle8IJAlLG5w=="
    },
    "node_modules/iota-array": {
      "version": "1.0.0",
      "resolved": "https://registry.npmjs.org/iota-array/-/iota-array-1.0.0.tgz",
      "integrity": "sha512-pZ2xT+LOHckCatGQ3DcG/a+QuEqvoxqkiL7tvE8nn3uuu+f6i1TtpB5/FtWFbxUuVr5PZCx8KskuGatbJDXOWA=="
    },
    "node_modules/is-buffer": {
      "version": "1.1.6",
      "resolved": "https://registry.npmjs.org/is-buffer/-/is-buffer-1.1.6.tgz",
      "integrity": "sha512-NcdALwpXkTm5Zvvbk7owOUSvVvBKDgKP5/ewfXEznmQFfs4ZRmanOeKBTjRVjka3QFoN6XJ+9F3USqfHqTaU5w=="
    },
    "node_modules/isarray": {
      "version": "0.0.1",
      "resolved": "https://registry.npmjs.org/isarray/-/isarray-0.0.1.tgz",
      "integrity": "sha512-D2S+3GLxWH+uhrNEcoh/fnmYeP8E8/zHl644d/jdA0g2uyXvy3sb0qxotE+ne0LtccHknQzWwZEzhak7oJ0COQ=="
    },
    "node_modules/ndarray": {
      "version": "1.0.19",
      "resolved": "https://registry.npmjs.org/ndarray/-/ndarray-1.0.19.tgz",
      "integrity": "sha512-B4JHA4vdyZU30ELBw3g7/p9bZupyew5a7tX1Y/gGeF2hafrPaQZhgrGQfsvgfYbgdFZjYwuEcnaobeM/WMW+HQ==",
      "dependencies": {
        "iota-array": "^1.0.0",
        "is-buffer": "^1.0.2"
      }
    },
    "node_modules/ndarray-ops": {
      "version": "1.2.2",
      "resolved": "https://registry.npmjs.org/ndarray-ops/-/ndarray-ops-1.2.2.tgz",
      "integrity": "sha512-BppWAFRjMYF7N/r6Ie51q6D4fs0iiGmeXIACKY66fLpnwIui3Wc3CXiD/30mgLbDjPpSLrsqcp3Z62+IcHZsDw==",
      "dependencies": {
        "cwise-compiler": "^1.0.0"
      }
    },
    "node_modules/pad-left": {
      "version": "1.0.2",
      "resolved": "https://registry.npmjs.org/pad-left/-/pad-left-1.0.2.tgz",
      "integrity": "sha512-saxSV1EYAytuZDtQYEwi0DPzooG6aN18xyHrnJtzwjVwmMauzkEecd7hynVJGolNGk1Pl9tltmZqfze4TZTCxg==",
      "dependencies": {
        "repeat-string": "^1.3.0"
      },
      "engines": {
        "node": ">=0.10.0"
      }
    },
    "node_modules/readable-stream": {
      "version": "1.0.34",
      "resolved": "https://registry.npmjs.org/readable-stream/-/readable-stream-1.0.34.tgz",
      "integrity": "sha512-ok1qVCJuRkNmvebYikljxJA/UEsKwLl2nI1OmaqAu4/UE+h0wKCHok4XkL/gvi39OacXvw59RJUOFUkDib2rHg==",
      "dependencies": {
        "core-util-is": "~1.0.0",
        "inherits": "~2.0.1",
        "isarray": "0.0.1",
        "string_decoder": "~0.10.x"
      }
    },
    "node_modules/repeat-string": {
      "version": "1.6.1",
      "resolved": "https://registry.npmjs.org/repeat-string/-/repeat-string-1.6.1.tgz",
      "integrity": "sha512-PV0dzCYDNfRi1jCDbJzpW7jNNDRuCOG/jI5ctQcGKt/clZD+YcPS3yIlWuTJMmESC8aevCFmWJy5wjAFgNqN6w==",
      "engines": {
        "node": ">=0.10"
      }
    },
    "node_modules/sprintf-js": {
      "version": "1.1.3",
      "resolved": "https://registry.npmjs.org/sprintf-js/-/sprintf-js-1.1.3.tgz",
      "integrity": "sha512-Oo+0REFV59/rz3gfJNKQiBlwfHaSESl1pcGyABQsnnIfWOFt6JNj5gCog2U6MLZ//IGYD+nA8nI+mTShREReaA=="
    },
    "node_modules/string_decoder": {
      "version": "0.10.31",
      "resolved": "https://registry.npmjs.org/string_decoder/-/string_decoder-0.10.31.tgz",
      "integrity": "sha512-ev2QzSzWPYmy9GuqfIVildA4OdcGLeFZQrq5ys6RtiuF+RQQiZWr8TZNyAcuVXyQRYfEO+MsoB/1BuQVhOJuoQ=="
    },
    "node_modules/through2": {
      "version": "0.6.5",
      "resolved": "https://registry.npmjs.org/through2/-/through2-0.6.5.tgz",
      "integrity": "sha512-RkK/CCESdTKQZHdmKICijdKKsCRVHs5KsLZ6pACAmF/1GPUQhonHSXWNERctxEp7RmvjdNbZTL5z9V7nSCXKcg==",
      "dependencies": {
        "readable-stream": ">=1.0.33-1 <1.1.0-0",
        "xtend": ">=4.0.0 <4.1.0-0"
      }
    },
    "node_modules/typedarray-pool": {
      "version": "1.2.0",
      "resolved": "https://registry.npmjs.org/typedarray-pool/-/typedarray-pool-1.2.0.tgz",
      "integrity": "sha512-YTSQbzX43yvtpfRtIDAYygoYtgT+Rpjuxy9iOpczrjpXLgGoyG7aS5USJXV2d3nn8uHTeb9rXDvzS27zUg5KYQ==",
      "dependencies": {
        "bit-twiddle": "^1.0.0",
        "dup": "^1.0.0"
      }
    },
    "node_modules/uniq": {
      "version": "1.0.1",
      "resolved": "https://registry.npmjs.org/uniq/-/uniq-1.0.1.tgz",
      "integrity": "sha512-Gw+zz50YNKPDKXs+9d+aKAjVwpjNwqzvNpLigIruT4HA9lMZNdMqs9x07kKHB/L9WRzqp4+DlTU5s4wG2esdoA=="
    },
    "node_modules/vkey": {
      "version": "0.0.3",
      "resolved": "https://registry.npmjs.org/vkey/-/vkey-0.0.3.tgz",
      "integrity": "sha512-9NxHjypgeJCDuDZOiUzfV1EDPbBVFvrgeTQN28jtw0cHYbnoIYIC6OZlwk3MlXP/tvTR++4QkavXS3PwFHP8gA=="
    },
    "node_modules/weak-map": {
      "version": "1.0.8",
      "resolved": "https://registry.npmjs.org/weak-map/-/weak-map-1.0.8.tgz",
      "integrity": "sha512-lNR9aAefbGPpHO7AEnY0hCFjz1eTkWCXYvkTRrTHs9qv8zJp+SkVYpzfLIFXQQiG3tVvbNFQgVg2bQS8YGgxyw=="
    },
    "node_modules/weakmap-shim": {
      "version": "1.1.1",
      "resolved": "https://registry.npmjs.org/weakmap-shim/-/weakmap-shim-1.1.1.tgz",
      "integrity": "sha512-/wNyG+1FpiHhnfQo+TuA/XAUpvOOkKVl0A4qpT+oGcj5SlZCLmM+M1Py/3Sj8sy+YrEauCVITOxCsZKo6sPbQg=="
    },
    "node_modules/webglew": {
      "version": "1.0.5",
      "resolved": "https://registry.npmjs.org/webglew/-/webglew-1.0.5.tgz",
      "integrity": "sha512-PG18sikVfrnTHaZkYpyaFt5xdjQ7/MbaTRJ8zXc385A/yTsphm6qyUT7UAKvFP/3d8XGLPeqNVTXdQByaBPddQ==",
      "dependencies": {
        "weak-map": "^1.0.5"
      }
    },
    "node_modules/xtend": {
      "version": "4.0.2",
      "resolved": "https://registry.npmjs.org/xtend/-/xtend-4.0.2.tgz",
      "integrity": "sha512-LKYU1iAXJXUgAXn9URjiu+MWhyUXHsvfp7mcuYm9dSUKK0/CjtrUwFAxD82/mCWbtLsGjFIad0wIsod4zrTAEQ==",
      "engines": {
        "node": ">=0.4"
      }
    }
  }
}
